
Microsoft Visual Studio Solution File, Format Version 12.00
# Visual Studio Version 17
VisualStudioVersion = 17.9.34622.214
MinimumVisualStudioVersion = 10.0.40219.1
Project("{2150E333-8FDC-42A3-9474-1A3956D46DE8}") = "Solution Items", "Solution Items", "{EFA49093-1EBD-4449-BC72-E0B23101B171}"
	ProjectSection(SolutionItems) = preProject
		ServiceUrls.txt = ServiceUrls.txt
	EndProjectSection
EndProject
Project("{2150E333-8FDC-42A3-9474-1A3956D46DE8}") = "src", "src", "{4AFD1446-87D6-47A7-A35A-D67F7FD53169}"
EndProject
Project("{2150E333-8FDC-42A3-9474-1A3956D46DE8}") = "ApiGateways", "ApiGateways", "{1133FB0A-1903-4F04-AFE4-B138778E4A1C}"
EndProject
Project("{2150E333-8FDC-42A3-9474-1A3956D46DE8}") = "BuildingBlocks", "BuildingBlocks", "{74E008E3-A2A8-4D03-95A9-6B911A2F1BD8}"
EndProject
Project("{2150E333-8FDC-42A3-9474-1A3956D46DE8}") = "Services", "Services", "{375C6869-EDF0-4C84-BC75-A9A45E7277AB}"
EndProject
Project("{2150E333-8FDC-42A3-9474-1A3956D46DE8}") = "Clients", "Clients", "{EFAF1B5B-021B-42EF-B66E-0D96DB9D6118}"
EndProject
Project("{2150E333-8FDC-42A3-9474-1A3956D46DE8}") = "WebApiGateway", "WebApiGateway", "{41E797B6-BC64-423C-A03E-697CC97E601E}"
EndProject
Project("{9A19103F-16F7-4668-BE54-9A1E7A4F7556}") = "Web.ApiGateway", "src\ApiGateways\WebApiGateway\Web.ApiGateway\Web.ApiGateway.csproj", "{FCAB2220-3822-413B-B953-A085C2D87F44}"
EndProject
Project("{2150E333-8FDC-42A3-9474-1A3956D46DE8}") = "WebApp", "WebApp", "{3FCD844C-8395-4912-80D6-36F161F6C792}"
EndProject
Project("{2150E333-8FDC-42A3-9474-1A3956D46DE8}") = "BasketService", "BasketService", "{C3E1DFCB-C5D0-447D-B476-3DD5842307E3}"
EndProject
Project("{9A19103F-16F7-4668-BE54-9A1E7A4F7556}") = "BasketService.Api", "src\Services\BasketService\BasketService.Api\BasketService.Api.csproj", "{92A181CB-927C-4E18-B63D-62F1AF7385F1}"
EndProject
Project("{2150E333-8FDC-42A3-9474-1A3956D46DE8}") = "CatalogService", "CatalogService", "{1043C09C-E4DE-4BEF-8A5A-B60FAADBAF2B}"
EndProject
Project("{9A19103F-16F7-4668-BE54-9A1E7A4F7556}") = "CatalogService.Api", "src\Services\CatalogService\CatalogService.Api\CatalogService.Api.csproj", "{24C71C0C-987B-469D-9513-6D71757D6E7E}"
EndProject
Project("{2150E333-8FDC-42A3-9474-1A3956D46DE8}") = "IdentityService", "IdentityService", "{A40B3A9B-068A-418C-82B1-C6DBE7374BC2}"
EndProject
Project("{9A19103F-16F7-4668-BE54-9A1E7A4F7556}") = "IdentityService.Api", "src\Services\IdentityService\IdentityService.Api\IdentityService.Api.csproj", "{8E25B7AF-D181-446F-92EB-7D19F1B4303F}"
EndProject
Project("{2150E333-8FDC-42A3-9474-1A3956D46DE8}") = "NotificationService", "NotificationService", "{4BFFADFB-F690-4D1D-AE39-9FDFB44A6DF8}"
EndProject
Project("{2150E333-8FDC-42A3-9474-1A3956D46DE8}") = "OrderService", "OrderService", "{53F4D9E2-378B-4CA0-B7FB-9066F59A5680}"
EndProject
Project("{9A19103F-16F7-4668-BE54-9A1E7A4F7556}") = "OrderService.Domain", "src\Services\OrderService\OrderService.Domain\OrderService.Domain.csproj", "{F0F4AD8D-7905-4561-A8B5-95FA1FC06162}"
EndProject
Project("{9A19103F-16F7-4668-BE54-9A1E7A4F7556}") = "OrderService.Application", "src\Services\OrderService\OrderService.Application\OrderService.Application.csproj", "{CC3F5093-D845-44F4-9EEE-A456DBBC4ABD}"
EndProject
Project("{9A19103F-16F7-4668-BE54-9A1E7A4F7556}") = "OrderService.Infrastruture", "src\Services\OrderService\OrderService.Infrastruture\OrderService.Infrastruture.csproj", "{6A3BE716-E87E-433A-895A-D6E1EA77C94A}"
EndProject
Project("{9A19103F-16F7-4668-BE54-9A1E7A4F7556}") = "OrderService.Api", "src\Services\OrderService\OrderService.Api\OrderService.Api.csproj", "{60F73286-9567-4CBF-BE47-B6E10FCF07C1}"
EndProject
Project("{2150E333-8FDC-42A3-9474-1A3956D46DE8}") = "PaymentService", "PaymentService", "{080BBEAD-F828-4876-90B1-958A9B4CF053}"
EndProject
Project("{9A19103F-16F7-4668-BE54-9A1E7A4F7556}") = "PaymentService.Api", "src\Services\PaymentService\PaymentService.Api\PaymentService.Api.csproj", "{806ED395-D1FF-40C7-8FDE-EBF1F6CA297D}"
EndProject
Project("{2150E333-8FDC-42A3-9474-1A3956D46DE8}") = "Shared", "Shared", "{A41620B9-FEFA-4F25-B06D-A6232C5FA6AF}"
EndProject
Project("{9A19103F-16F7-4668-BE54-9A1E7A4F7556}") = "SelenyumMicroService.Shared", "src\Shared\SelenyumMicroService.Shared\SelenyumMicroService.Shared.csproj", "{1C5A4D92-A44D-4997-9062-120569C11637}"
EndProject
Project("{9A19103F-16F7-4668-BE54-9A1E7A4F7556}") = "CatalogService.Data.Abstractions", "src\Services\CatalogService\CatalogService.Data.Abstractions\CatalogService.Data.Abstractions.csproj", "{3EFC21D1-12C4-42D9-ACFF-A30B3ABBBC8D}"
EndProject
Project("{9A19103F-16F7-4668-BE54-9A1E7A4F7556}") = "CatalogService.Data.EFCore", "src\Services\CatalogService\CatalogService.Data.EFCore\CatalogService.Data.EFCore.csproj", "{900190C8-3A01-4AE4-B0C9-746C882F0359}"
EndProject
Project("{9A19103F-16F7-4668-BE54-9A1E7A4F7556}") = "CatalogService.Business.Abstractions", "src\Services\CatalogService\CatalogService.Business.Abstractions\CatalogService.Business.Abstractions.csproj", "{E207AE44-4E8B-49AA-8694-CCB2B7D921BB}"
EndProject
Project("{9A19103F-16F7-4668-BE54-9A1E7A4F7556}") = "CatalogService.Business", "src\Services\CatalogService\CatalogService.Business\CatalogService.Business.csproj", "{08C21F8D-E7D7-40D2-9255-2A57C1BA1BC7}"
EndProject
Project("{9A19103F-16F7-4668-BE54-9A1E7A4F7556}") = "SelenyumMicroService.Bootstrapper", "src\Shared\SelenyumMicroService.Bootstrapper\SelenyumMicroService.Bootstrapper.csproj", "{278BDC5D-4038-4820-AD31-6AADEA145A15}"
EndProject
Project("{9A19103F-16F7-4668-BE54-9A1E7A4F7556}") = "PaymentService.Messages.Producers", "src\Services\PaymentService\PaymentService.Messages.Producers\PaymentService.Messages.Producers.csproj", "{00E0E1D0-30F2-4D12-9D50-B745F2AE6C43}"
EndProject
Project("{9A19103F-16F7-4668-BE54-9A1E7A4F7556}") = "PaymentService.Messages", "src\Services\PaymentService\PaymentService.Messages\PaymentService.Messages.csproj", "{B5C349C4-0A52-4257-B3C4-D032A6E8472D}"
EndProject
Project("{9A19103F-16F7-4668-BE54-9A1E7A4F7556}") = "PaymentService.Messages.Producers.Abstractions", "src\Services\PaymentService\PaymentService.Messages.Producers.Abstractions\PaymentService.Messages.Producers.Abstractions.csproj", "{0DA78C86-F5DE-4BC3-8F51-CA170E91464A}"
EndProject
Project("{9A19103F-16F7-4668-BE54-9A1E7A4F7556}") = "NotificationService.Api", "src\Services\NotificationService\NotificationService.Api\NotificationService.Api.csproj", "{258D17D4-DEE7-47F8-B80C-BD51E1D16291}"
EndProject
Project("{9A19103F-16F7-4668-BE54-9A1E7A4F7556}") = "SelenyumMicroService.MessageService", "src\Shared\SelenyumMicroService.MessageService\SelenyumMicroService.MessageService.csproj", "{CB278A0C-7F26-4187-9F9F-F1C7E5B95E80}"
EndProject
Project("{9A19103F-16F7-4668-BE54-9A1E7A4F7556}") = "IdentityService.Business", "src\Services\IdentityService\IdentityService.Business\IdentityService.Business.csproj", "{85DECF9D-3D9E-4F44-9731-5E3634269579}"
EndProject
Project("{9A19103F-16F7-4668-BE54-9A1E7A4F7556}") = "IdentityService.Business.Abstractions", "src\Services\IdentityService\IdentityService.Business.Abstractions\IdentityService.Business.Abstractions.csproj", "{31AD5313-F2C5-4DD2-B999-889D3762A7A4}"
EndProject
Project("{9A19103F-16F7-4668-BE54-9A1E7A4F7556}") = "SelenyumMicroService.ServiceDiscovery.Consul", "src\Shared\SelenyumMicroService.ServiceDiscovery.Consul\SelenyumMicroService.ServiceDiscovery.Consul.csproj", "{C345F9AC-A0B6-408F-B559-65BD39A5E301}"
EndProject
Project("{9A19103F-16F7-4668-BE54-9A1E7A4F7556}") = "BasketService.Business", "src\Services\BasketService\BasketService.Business\BasketService.Business.csproj", "{15253DAB-E4D7-40BF-BB9B-82A94E4F23AC}"
EndProject
Project("{9A19103F-16F7-4668-BE54-9A1E7A4F7556}") = "BasketService.Business.Abstractions", "src\Services\BasketService\BasketService.Business.Abstractions\BasketService.Business.Abstractions.csproj", "{57FEB7E9-19F7-4376-A0A4-9ADDB74AEC57}"
EndProject
Project("{9A19103F-16F7-4668-BE54-9A1E7A4F7556}") = "BasketService.Data.Abstractions", "src\Services\BasketService\BasketService.Data.Abstractions\BasketService.Data.Abstractions.csproj", "{2D6EC8E8-C7EC-46CC-B801-691EDADE52B7}"
EndProject
Project("{9A19103F-16F7-4668-BE54-9A1E7A4F7556}") = "BasketService.Data.Redis", "src\Services\BasketService\BasketService.Data.Redis\BasketService.Data.Redis.csproj", "{CA85CA23-E5C3-45FA-9633-FEA8A875DCD7}"
EndProject
Project("{9A19103F-16F7-4668-BE54-9A1E7A4F7556}") = "SelenyumMicroService.Caching", "src\Shared\SelenyumMicroService.Caching\SelenyumMicroService.Caching.csproj", "{2029A8DC-C322-4D43-AAF3-84BB512AD53B}"
EndProject
Project("{9A19103F-16F7-4668-BE54-9A1E7A4F7556}") = "SelenyumMicroService.Caching.Redis", "src\Shared\SelenyumMicroService.Caching.Redis\SelenyumMicroService.Caching.Redis.csproj", "{FF608D45-E3CF-4654-AFF8-46D4621E3272}"
EndProject
Project("{9A19103F-16F7-4668-BE54-9A1E7A4F7556}") = "SelenyumMicroService.Common", "src\Shared\SelenyumMicroService.Common\SelenyumMicroService.Common.csproj", "{03BA4816-269A-4BE3-8302-08DF46EB49A3}"
EndProject
Project("{9A19103F-16F7-4668-BE54-9A1E7A4F7556}") = "BasketService.Messages", "src\Services\BasketService\BasketService.Messages\BasketService.Messages.csproj", "{FCFF3A7C-2E04-4E76-8D47-5281B6AB4219}"
EndProject
Project("{9A19103F-16F7-4668-BE54-9A1E7A4F7556}") = "BasketService.Messages.Consumers", "src\Services\BasketService\BasketService.Messages.Consumers\BasketService.Messages.Consumers.csproj", "{6E33214F-8977-4EEF-809F-D2409B848D12}"
EndProject
Project("{9A19103F-16F7-4668-BE54-9A1E7A4F7556}") = "BasketService.Data.Models", "src\Services\BasketService\BasketService.Data.Models\BasketService.Data.Models.csproj", "{A804F33F-617A-41AE-89CF-BE0795F53DB9}"
EndProject
Project("{9A19103F-16F7-4668-BE54-9A1E7A4F7556}") = "BasketService.Messages.Producers.Abstractions", "src\Services\BasketService\BasketService.Messages.Producers.Abstractions\BasketService.Messages.Producers.Abstractions.csproj", "{0D6281C8-C5BA-4716-8EEF-DDCFFB3BCB82}"
EndProject
Project("{9A19103F-16F7-4668-BE54-9A1E7A4F7556}") = "BasketService.Messages.Producers.MassTransit", "src\Services\BasketService\BasketService.Messages.Producers.MassTransit\BasketService.Messages.Producers.MassTransit.csproj", "{6F43290F-39AB-4F1E-B4E5-27D1BA612430}"
EndProject
Project("{FAE04EC0-301F-11D3-BF4B-00C04F79EFBC}") = "SelenyumMicroService.Api.Client", "src\Shared\SelenyumMicroService.Api.Client\SelenyumMicroService.Api.Client.csproj", "{0207682B-C07F-4E20-9D58-D1E4640B3FEE}"
EndProject
Global
	GlobalSection(SolutionConfigurationPlatforms) = preSolution
		Debug|Any CPU = Debug|Any CPU
		Release|Any CPU = Release|Any CPU
	EndGlobalSection
	GlobalSection(ProjectConfigurationPlatforms) = postSolution
		{FCAB2220-3822-413B-B953-A085C2D87F44}.Debug|Any CPU.ActiveCfg = Debug|Any CPU
		{FCAB2220-3822-413B-B953-A085C2D87F44}.Debug|Any CPU.Build.0 = Debug|Any CPU
		{FCAB2220-3822-413B-B953-A085C2D87F44}.Release|Any CPU.ActiveCfg = Release|Any CPU
		{FCAB2220-3822-413B-B953-A085C2D87F44}.Release|Any CPU.Build.0 = Release|Any CPU
		{92A181CB-927C-4E18-B63D-62F1AF7385F1}.Debug|Any CPU.ActiveCfg = Debug|Any CPU
		{92A181CB-927C-4E18-B63D-62F1AF7385F1}.Debug|Any CPU.Build.0 = Debug|Any CPU
		{92A181CB-927C-4E18-B63D-62F1AF7385F1}.Release|Any CPU.ActiveCfg = Release|Any CPU
		{92A181CB-927C-4E18-B63D-62F1AF7385F1}.Release|Any CPU.Build.0 = Release|Any CPU
		{24C71C0C-987B-469D-9513-6D71757D6E7E}.Debug|Any CPU.ActiveCfg = Debug|Any CPU
		{24C71C0C-987B-469D-9513-6D71757D6E7E}.Debug|Any CPU.Build.0 = Debug|Any CPU
		{24C71C0C-987B-469D-9513-6D71757D6E7E}.Release|Any CPU.ActiveCfg = Release|Any CPU
		{24C71C0C-987B-469D-9513-6D71757D6E7E}.Release|Any CPU.Build.0 = Release|Any CPU
		{8E25B7AF-D181-446F-92EB-7D19F1B4303F}.Debug|Any CPU.ActiveCfg = Debug|Any CPU
		{8E25B7AF-D181-446F-92EB-7D19F1B4303F}.Debug|Any CPU.Build.0 = Debug|Any CPU
		{8E25B7AF-D181-446F-92EB-7D19F1B4303F}.Release|Any CPU.ActiveCfg = Release|Any CPU
		{8E25B7AF-D181-446F-92EB-7D19F1B4303F}.Release|Any CPU.Build.0 = Release|Any CPU
		{F0F4AD8D-7905-4561-A8B5-95FA1FC06162}.Debug|Any CPU.ActiveCfg = Debug|Any CPU
		{F0F4AD8D-7905-4561-A8B5-95FA1FC06162}.Debug|Any CPU.Build.0 = Debug|Any CPU
		{F0F4AD8D-7905-4561-A8B5-95FA1FC06162}.Release|Any CPU.ActiveCfg = Release|Any CPU
		{F0F4AD8D-7905-4561-A8B5-95FA1FC06162}.Release|Any CPU.Build.0 = Release|Any CPU
		{CC3F5093-D845-44F4-9EEE-A456DBBC4ABD}.Debug|Any CPU.ActiveCfg = Debug|Any CPU
		{CC3F5093-D845-44F4-9EEE-A456DBBC4ABD}.Debug|Any CPU.Build.0 = Debug|Any CPU
		{CC3F5093-D845-44F4-9EEE-A456DBBC4ABD}.Release|Any CPU.ActiveCfg = Release|Any CPU
		{CC3F5093-D845-44F4-9EEE-A456DBBC4ABD}.Release|Any CPU.Build.0 = Release|Any CPU
		{6A3BE716-E87E-433A-895A-D6E1EA77C94A}.Debug|Any CPU.ActiveCfg = Debug|Any CPU
		{6A3BE716-E87E-433A-895A-D6E1EA77C94A}.Debug|Any CPU.Build.0 = Debug|Any CPU
		{6A3BE716-E87E-433A-895A-D6E1EA77C94A}.Release|Any CPU.ActiveCfg = Release|Any CPU
		{6A3BE716-E87E-433A-895A-D6E1EA77C94A}.Release|Any CPU.Build.0 = Release|Any CPU
		{60F73286-9567-4CBF-BE47-B6E10FCF07C1}.Debug|Any CPU.ActiveCfg = Debug|Any CPU
		{60F73286-9567-4CBF-BE47-B6E10FCF07C1}.Debug|Any CPU.Build.0 = Debug|Any CPU
		{60F73286-9567-4CBF-BE47-B6E10FCF07C1}.Release|Any CPU.ActiveCfg = Release|Any CPU
		{60F73286-9567-4CBF-BE47-B6E10FCF07C1}.Release|Any CPU.Build.0 = Release|Any CPU
		{806ED395-D1FF-40C7-8FDE-EBF1F6CA297D}.Debug|Any CPU.ActiveCfg = Debug|Any CPU
		{806ED395-D1FF-40C7-8FDE-EBF1F6CA297D}.Debug|Any CPU.Build.0 = Debug|Any CPU
		{806ED395-D1FF-40C7-8FDE-EBF1F6CA297D}.Release|Any CPU.ActiveCfg = Release|Any CPU
		{806ED395-D1FF-40C7-8FDE-EBF1F6CA297D}.Release|Any CPU.Build.0 = Release|Any CPU
		{1C5A4D92-A44D-4997-9062-120569C11637}.Debug|Any CPU.ActiveCfg = Debug|Any CPU
		{1C5A4D92-A44D-4997-9062-120569C11637}.Debug|Any CPU.Build.0 = Debug|Any CPU
		{1C5A4D92-A44D-4997-9062-120569C11637}.Release|Any CPU.ActiveCfg = Release|Any CPU
		{1C5A4D92-A44D-4997-9062-120569C11637}.Release|Any CPU.Build.0 = Release|Any CPU
		{3EFC21D1-12C4-42D9-ACFF-A30B3ABBBC8D}.Debug|Any CPU.ActiveCfg = Debug|Any CPU
		{3EFC21D1-12C4-42D9-ACFF-A30B3ABBBC8D}.Debug|Any CPU.Build.0 = Debug|Any CPU
		{3EFC21D1-12C4-42D9-ACFF-A30B3ABBBC8D}.Release|Any CPU.ActiveCfg = Release|Any CPU
		{3EFC21D1-12C4-42D9-ACFF-A30B3ABBBC8D}.Release|Any CPU.Build.0 = Release|Any CPU
		{900190C8-3A01-4AE4-B0C9-746C882F0359}.Debug|Any CPU.ActiveCfg = Debug|Any CPU
		{900190C8-3A01-4AE4-B0C9-746C882F0359}.Debug|Any CPU.Build.0 = Debug|Any CPU
		{900190C8-3A01-4AE4-B0C9-746C882F0359}.Release|Any CPU.ActiveCfg = Release|Any CPU
		{900190C8-3A01-4AE4-B0C9-746C882F0359}.Release|Any CPU.Build.0 = Release|Any CPU
		{E207AE44-4E8B-49AA-8694-CCB2B7D921BB}.Debug|Any CPU.ActiveCfg = Debug|Any CPU
		{E207AE44-4E8B-49AA-8694-CCB2B7D921BB}.Debug|Any CPU.Build.0 = Debug|Any CPU
		{E207AE44-4E8B-49AA-8694-CCB2B7D921BB}.Release|Any CPU.ActiveCfg = Release|Any CPU
		{E207AE44-4E8B-49AA-8694-CCB2B7D921BB}.Release|Any CPU.Build.0 = Release|Any CPU
		{08C21F8D-E7D7-40D2-9255-2A57C1BA1BC7}.Debug|Any CPU.ActiveCfg = Debug|Any CPU
		{08C21F8D-E7D7-40D2-9255-2A57C1BA1BC7}.Debug|Any CPU.Build.0 = Debug|Any CPU
		{08C21F8D-E7D7-40D2-9255-2A57C1BA1BC7}.Release|Any CPU.ActiveCfg = Release|Any CPU
		{08C21F8D-E7D7-40D2-9255-2A57C1BA1BC7}.Release|Any CPU.Build.0 = Release|Any CPU
		{278BDC5D-4038-4820-AD31-6AADEA145A15}.Debug|Any CPU.ActiveCfg = Debug|Any CPU
		{278BDC5D-4038-4820-AD31-6AADEA145A15}.Debug|Any CPU.Build.0 = Debug|Any CPU
		{278BDC5D-4038-4820-AD31-6AADEA145A15}.Release|Any CPU.ActiveCfg = Release|Any CPU
		{278BDC5D-4038-4820-AD31-6AADEA145A15}.Release|Any CPU.Build.0 = Release|Any CPU
		{00E0E1D0-30F2-4D12-9D50-B745F2AE6C43}.Debug|Any CPU.ActiveCfg = Debug|Any CPU
		{00E0E1D0-30F2-4D12-9D50-B745F2AE6C43}.Debug|Any CPU.Build.0 = Debug|Any CPU
		{00E0E1D0-30F2-4D12-9D50-B745F2AE6C43}.Release|Any CPU.ActiveCfg = Release|Any CPU
		{00E0E1D0-30F2-4D12-9D50-B745F2AE6C43}.Release|Any CPU.Build.0 = Release|Any CPU
		{B5C349C4-0A52-4257-B3C4-D032A6E8472D}.Debug|Any CPU.ActiveCfg = Debug|Any CPU
		{B5C349C4-0A52-4257-B3C4-D032A6E8472D}.Debug|Any CPU.Build.0 = Debug|Any CPU
		{B5C349C4-0A52-4257-B3C4-D032A6E8472D}.Release|Any CPU.ActiveCfg = Release|Any CPU
		{B5C349C4-0A52-4257-B3C4-D032A6E8472D}.Release|Any CPU.Build.0 = Release|Any CPU
		{0DA78C86-F5DE-4BC3-8F51-CA170E91464A}.Debug|Any CPU.ActiveCfg = Debug|Any CPU
		{0DA78C86-F5DE-4BC3-8F51-CA170E91464A}.Debug|Any CPU.Build.0 = Debug|Any CPU
		{0DA78C86-F5DE-4BC3-8F51-CA170E91464A}.Release|Any CPU.ActiveCfg = Release|Any CPU
		{0DA78C86-F5DE-4BC3-8F51-CA170E91464A}.Release|Any CPU.Build.0 = Release|Any CPU
		{258D17D4-DEE7-47F8-B80C-BD51E1D16291}.Debug|Any CPU.ActiveCfg = Debug|Any CPU
		{258D17D4-DEE7-47F8-B80C-BD51E1D16291}.Debug|Any CPU.Build.0 = Debug|Any CPU
		{258D17D4-DEE7-47F8-B80C-BD51E1D16291}.Release|Any CPU.ActiveCfg = Release|Any CPU
		{258D17D4-DEE7-47F8-B80C-BD51E1D16291}.Release|Any CPU.Build.0 = Release|Any CPU
		{CB278A0C-7F26-4187-9F9F-F1C7E5B95E80}.Debug|Any CPU.ActiveCfg = Debug|Any CPU
		{CB278A0C-7F26-4187-9F9F-F1C7E5B95E80}.Debug|Any CPU.Build.0 = Debug|Any CPU
		{CB278A0C-7F26-4187-9F9F-F1C7E5B95E80}.Release|Any CPU.ActiveCfg = Release|Any CPU
		{CB278A0C-7F26-4187-9F9F-F1C7E5B95E80}.Release|Any CPU.Build.0 = Release|Any CPU
		{85DECF9D-3D9E-4F44-9731-5E3634269579}.Debug|Any CPU.ActiveCfg = Debug|Any CPU
		{85DECF9D-3D9E-4F44-9731-5E3634269579}.Debug|Any CPU.Build.0 = Debug|Any CPU
		{85DECF9D-3D9E-4F44-9731-5E3634269579}.Release|Any CPU.ActiveCfg = Release|Any CPU
		{85DECF9D-3D9E-4F44-9731-5E3634269579}.Release|Any CPU.Build.0 = Release|Any CPU
		{31AD5313-F2C5-4DD2-B999-889D3762A7A4}.Debug|Any CPU.ActiveCfg = Debug|Any CPU
		{31AD5313-F2C5-4DD2-B999-889D3762A7A4}.Debug|Any CPU.Build.0 = Debug|Any CPU
		{31AD5313-F2C5-4DD2-B999-889D3762A7A4}.Release|Any CPU.ActiveCfg = Release|Any CPU
		{31AD5313-F2C5-4DD2-B999-889D3762A7A4}.Release|Any CPU.Build.0 = Release|Any CPU
		{C345F9AC-A0B6-408F-B559-65BD39A5E301}.Debug|Any CPU.ActiveCfg = Debug|Any CPU
		{C345F9AC-A0B6-408F-B559-65BD39A5E301}.Debug|Any CPU.Build.0 = Debug|Any CPU
		{C345F9AC-A0B6-408F-B559-65BD39A5E301}.Release|Any CPU.ActiveCfg = Release|Any CPU
		{C345F9AC-A0B6-408F-B559-65BD39A5E301}.Release|Any CPU.Build.0 = Release|Any CPU
		{15253DAB-E4D7-40BF-BB9B-82A94E4F23AC}.Debug|Any CPU.ActiveCfg = Debug|Any CPU
		{15253DAB-E4D7-40BF-BB9B-82A94E4F23AC}.Debug|Any CPU.Build.0 = Debug|Any CPU
		{15253DAB-E4D7-40BF-BB9B-82A94E4F23AC}.Release|Any CPU.ActiveCfg = Release|Any CPU
		{15253DAB-E4D7-40BF-BB9B-82A94E4F23AC}.Release|Any CPU.Build.0 = Release|Any CPU
		{57FEB7E9-19F7-4376-A0A4-9ADDB74AEC57}.Debug|Any CPU.ActiveCfg = Debug|Any CPU
		{57FEB7E9-19F7-4376-A0A4-9ADDB74AEC57}.Debug|Any CPU.Build.0 = Debug|Any CPU
		{57FEB7E9-19F7-4376-A0A4-9ADDB74AEC57}.Release|Any CPU.ActiveCfg = Release|Any CPU
		{57FEB7E9-19F7-4376-A0A4-9ADDB74AEC57}.Release|Any CPU.Build.0 = Release|Any CPU
		{2D6EC8E8-C7EC-46CC-B801-691EDADE52B7}.Debug|Any CPU.ActiveCfg = Debug|Any CPU
		{2D6EC8E8-C7EC-46CC-B801-691EDADE52B7}.Debug|Any CPU.Build.0 = Debug|Any CPU
		{2D6EC8E8-C7EC-46CC-B801-691EDADE52B7}.Release|Any CPU.ActiveCfg = Release|Any CPU
		{2D6EC8E8-C7EC-46CC-B801-691EDADE52B7}.Release|Any CPU.Build.0 = Release|Any CPU
		{CA85CA23-E5C3-45FA-9633-FEA8A875DCD7}.Debug|Any CPU.ActiveCfg = Debug|Any CPU
		{CA85CA23-E5C3-45FA-9633-FEA8A875DCD7}.Debug|Any CPU.Build.0 = Debug|Any CPU
		{CA85CA23-E5C3-45FA-9633-FEA8A875DCD7}.Release|Any CPU.ActiveCfg = Release|Any CPU
		{CA85CA23-E5C3-45FA-9633-FEA8A875DCD7}.Release|Any CPU.Build.0 = Release|Any CPU
		{2029A8DC-C322-4D43-AAF3-84BB512AD53B}.Debug|Any CPU.ActiveCfg = Debug|Any CPU
		{2029A8DC-C322-4D43-AAF3-84BB512AD53B}.Debug|Any CPU.Build.0 = Debug|Any CPU
		{2029A8DC-C322-4D43-AAF3-84BB512AD53B}.Release|Any CPU.ActiveCfg = Release|Any CPU
		{2029A8DC-C322-4D43-AAF3-84BB512AD53B}.Release|Any CPU.Build.0 = Release|Any CPU
		{FF608D45-E3CF-4654-AFF8-46D4621E3272}.Debug|Any CPU.ActiveCfg = Debug|Any CPU
		{FF608D45-E3CF-4654-AFF8-46D4621E3272}.Debug|Any CPU.Build.0 = Debug|Any CPU
		{FF608D45-E3CF-4654-AFF8-46D4621E3272}.Release|Any CPU.ActiveCfg = Release|Any CPU
		{FF608D45-E3CF-4654-AFF8-46D4621E3272}.Release|Any CPU.Build.0 = Release|Any CPU
		{03BA4816-269A-4BE3-8302-08DF46EB49A3}.Debug|Any CPU.ActiveCfg = Debug|Any CPU
		{03BA4816-269A-4BE3-8302-08DF46EB49A3}.Debug|Any CPU.Build.0 = Debug|Any CPU
		{03BA4816-269A-4BE3-8302-08DF46EB49A3}.Release|Any CPU.ActiveCfg = Release|Any CPU
		{03BA4816-269A-4BE3-8302-08DF46EB49A3}.Release|Any CPU.Build.0 = Release|Any CPU
		{FCFF3A7C-2E04-4E76-8D47-5281B6AB4219}.Debug|Any CPU.ActiveCfg = Debug|Any CPU
		{FCFF3A7C-2E04-4E76-8D47-5281B6AB4219}.Debug|Any CPU.Build.0 = Debug|Any CPU
		{FCFF3A7C-2E04-4E76-8D47-5281B6AB4219}.Release|Any CPU.ActiveCfg = Release|Any CPU
		{FCFF3A7C-2E04-4E76-8D47-5281B6AB4219}.Release|Any CPU.Build.0 = Release|Any CPU
		{6E33214F-8977-4EEF-809F-D2409B848D12}.Debug|Any CPU.ActiveCfg = Debug|Any CPU
		{6E33214F-8977-4EEF-809F-D2409B848D12}.Debug|Any CPU.Build.0 = Debug|Any CPU
		{6E33214F-8977-4EEF-809F-D2409B848D12}.Release|Any CPU.ActiveCfg = Release|Any CPU
		{6E33214F-8977-4EEF-809F-D2409B848D12}.Release|Any CPU.Build.0 = Release|Any CPU
		{A804F33F-617A-41AE-89CF-BE0795F53DB9}.Debug|Any CPU.ActiveCfg = Debug|Any CPU
		{A804F33F-617A-41AE-89CF-BE0795F53DB9}.Debug|Any CPU.Build.0 = Debug|Any CPU
		{A804F33F-617A-41AE-89CF-BE0795F53DB9}.Release|Any CPU.ActiveCfg = Release|Any CPU
		{A804F33F-617A-41AE-89CF-BE0795F53DB9}.Release|Any CPU.Build.0 = Release|Any CPU
		{0D6281C8-C5BA-4716-8EEF-DDCFFB3BCB82}.Debug|Any CPU.ActiveCfg = Debug|Any CPU
		{0D6281C8-C5BA-4716-8EEF-DDCFFB3BCB82}.Debug|Any CPU.Build.0 = Debug|Any CPU
		{0D6281C8-C5BA-4716-8EEF-DDCFFB3BCB82}.Release|Any CPU.ActiveCfg = Release|Any CPU
		{0D6281C8-C5BA-4716-8EEF-DDCFFB3BCB82}.Release|Any CPU.Build.0 = Release|Any CPU
		{6F43290F-39AB-4F1E-B4E5-27D1BA612430}.Debug|Any CPU.ActiveCfg = Debug|Any CPU
		{6F43290F-39AB-4F1E-B4E5-27D1BA612430}.Debug|Any CPU.Build.0 = Debug|Any CPU
		{6F43290F-39AB-4F1E-B4E5-27D1BA612430}.Release|Any CPU.ActiveCfg = Release|Any CPU
		{6F43290F-39AB-4F1E-B4E5-27D1BA612430}.Release|Any CPU.Build.0 = Release|Any CPU
		{0207682B-C07F-4E20-9D58-D1E4640B3FEE}.Debug|Any CPU.ActiveCfg = Debug|Any CPU
		{0207682B-C07F-4E20-9D58-D1E4640B3FEE}.Debug|Any CPU.Build.0 = Debug|Any CPU
		{0207682B-C07F-4E20-9D58-D1E4640B3FEE}.Release|Any CPU.ActiveCfg = Release|Any CPU
		{0207682B-C07F-4E20-9D58-D1E4640B3FEE}.Release|Any CPU.Build.0 = Release|Any CPU
	EndGlobalSection
	GlobalSection(SolutionProperties) = preSolution
		HideSolutionNode = FALSE
	EndGlobalSection
	GlobalSection(NestedProjects) = preSolution
		{1133FB0A-1903-4F04-AFE4-B138778E4A1C} = {4AFD1446-87D6-47A7-A35A-D67F7FD53169}
		{74E008E3-A2A8-4D03-95A9-6B911A2F1BD8} = {4AFD1446-87D6-47A7-A35A-D67F7FD53169}
		{375C6869-EDF0-4C84-BC75-A9A45E7277AB} = {4AFD1446-87D6-47A7-A35A-D67F7FD53169}
		{EFAF1B5B-021B-42EF-B66E-0D96DB9D6118} = {4AFD1446-87D6-47A7-A35A-D67F7FD53169}
		{41E797B6-BC64-423C-A03E-697CC97E601E} = {1133FB0A-1903-4F04-AFE4-B138778E4A1C}
		{FCAB2220-3822-413B-B953-A085C2D87F44} = {41E797B6-BC64-423C-A03E-697CC97E601E}
		{3FCD844C-8395-4912-80D6-36F161F6C792} = {EFAF1B5B-021B-42EF-B66E-0D96DB9D6118}
		{C3E1DFCB-C5D0-447D-B476-3DD5842307E3} = {375C6869-EDF0-4C84-BC75-A9A45E7277AB}
		{92A181CB-927C-4E18-B63D-62F1AF7385F1} = {C3E1DFCB-C5D0-447D-B476-3DD5842307E3}
		{1043C09C-E4DE-4BEF-8A5A-B60FAADBAF2B} = {375C6869-EDF0-4C84-BC75-A9A45E7277AB}
		{24C71C0C-987B-469D-9513-6D71757D6E7E} = {1043C09C-E4DE-4BEF-8A5A-B60FAADBAF2B}
		{A40B3A9B-068A-418C-82B1-C6DBE7374BC2} = {375C6869-EDF0-4C84-BC75-A9A45E7277AB}
		{8E25B7AF-D181-446F-92EB-7D19F1B4303F} = {A40B3A9B-068A-418C-82B1-C6DBE7374BC2}
		{4BFFADFB-F690-4D1D-AE39-9FDFB44A6DF8} = {375C6869-EDF0-4C84-BC75-A9A45E7277AB}
		{53F4D9E2-378B-4CA0-B7FB-9066F59A5680} = {375C6869-EDF0-4C84-BC75-A9A45E7277AB}
		{F0F4AD8D-7905-4561-A8B5-95FA1FC06162} = {53F4D9E2-378B-4CA0-B7FB-9066F59A5680}
		{CC3F5093-D845-44F4-9EEE-A456DBBC4ABD} = {53F4D9E2-378B-4CA0-B7FB-9066F59A5680}
		{6A3BE716-E87E-433A-895A-D6E1EA77C94A} = {53F4D9E2-378B-4CA0-B7FB-9066F59A5680}
		{60F73286-9567-4CBF-BE47-B6E10FCF07C1} = {53F4D9E2-378B-4CA0-B7FB-9066F59A5680}
		{080BBEAD-F828-4876-90B1-958A9B4CF053} = {375C6869-EDF0-4C84-BC75-A9A45E7277AB}
		{806ED395-D1FF-40C7-8FDE-EBF1F6CA297D} = {080BBEAD-F828-4876-90B1-958A9B4CF053}
		{A41620B9-FEFA-4F25-B06D-A6232C5FA6AF} = {4AFD1446-87D6-47A7-A35A-D67F7FD53169}
		{1C5A4D92-A44D-4997-9062-120569C11637} = {A41620B9-FEFA-4F25-B06D-A6232C5FA6AF}
		{3EFC21D1-12C4-42D9-ACFF-A30B3ABBBC8D} = {1043C09C-E4DE-4BEF-8A5A-B60FAADBAF2B}
		{900190C8-3A01-4AE4-B0C9-746C882F0359} = {1043C09C-E4DE-4BEF-8A5A-B60FAADBAF2B}
		{E207AE44-4E8B-49AA-8694-CCB2B7D921BB} = {1043C09C-E4DE-4BEF-8A5A-B60FAADBAF2B}
		{08C21F8D-E7D7-40D2-9255-2A57C1BA1BC7} = {1043C09C-E4DE-4BEF-8A5A-B60FAADBAF2B}
		{278BDC5D-4038-4820-AD31-6AADEA145A15} = {A41620B9-FEFA-4F25-B06D-A6232C5FA6AF}
		{00E0E1D0-30F2-4D12-9D50-B745F2AE6C43} = {080BBEAD-F828-4876-90B1-958A9B4CF053}
		{B5C349C4-0A52-4257-B3C4-D032A6E8472D} = {080BBEAD-F828-4876-90B1-958A9B4CF053}
		{0DA78C86-F5DE-4BC3-8F51-CA170E91464A} = {080BBEAD-F828-4876-90B1-958A9B4CF053}
		{258D17D4-DEE7-47F8-B80C-BD51E1D16291} = {4BFFADFB-F690-4D1D-AE39-9FDFB44A6DF8}
		{CB278A0C-7F26-4187-9F9F-F1C7E5B95E80} = {A41620B9-FEFA-4F25-B06D-A6232C5FA6AF}
		{85DECF9D-3D9E-4F44-9731-5E3634269579} = {A40B3A9B-068A-418C-82B1-C6DBE7374BC2}
		{31AD5313-F2C5-4DD2-B999-889D3762A7A4} = {A40B3A9B-068A-418C-82B1-C6DBE7374BC2}
		{C345F9AC-A0B6-408F-B559-65BD39A5E301} = {A41620B9-FEFA-4F25-B06D-A6232C5FA6AF}
		{15253DAB-E4D7-40BF-BB9B-82A94E4F23AC} = {C3E1DFCB-C5D0-447D-B476-3DD5842307E3}
		{57FEB7E9-19F7-4376-A0A4-9ADDB74AEC57} = {C3E1DFCB-C5D0-447D-B476-3DD5842307E3}
		{2D6EC8E8-C7EC-46CC-B801-691EDADE52B7} = {C3E1DFCB-C5D0-447D-B476-3DD5842307E3}
		{CA85CA23-E5C3-45FA-9633-FEA8A875DCD7} = {C3E1DFCB-C5D0-447D-B476-3DD5842307E3}
		{2029A8DC-C322-4D43-AAF3-84BB512AD53B} = {A41620B9-FEFA-4F25-B06D-A6232C5FA6AF}
		{FF608D45-E3CF-4654-AFF8-46D4621E3272} = {A41620B9-FEFA-4F25-B06D-A6232C5FA6AF}
		{03BA4816-269A-4BE3-8302-08DF46EB49A3} = {A41620B9-FEFA-4F25-B06D-A6232C5FA6AF}
		{FCFF3A7C-2E04-4E76-8D47-5281B6AB4219} = {C3E1DFCB-C5D0-447D-B476-3DD5842307E3}
		{6E33214F-8977-4EEF-809F-D2409B848D12} = {C3E1DFCB-C5D0-447D-B476-3DD5842307E3}
		{A804F33F-617A-41AE-89CF-BE0795F53DB9} = {C3E1DFCB-C5D0-447D-B476-3DD5842307E3}
		{0D6281C8-C5BA-4716-8EEF-DDCFFB3BCB82} = {C3E1DFCB-C5D0-447D-B476-3DD5842307E3}
		{6F43290F-39AB-4F1E-B4E5-27D1BA612430} = {C3E1DFCB-C5D0-447D-B476-3DD5842307E3}
		{0207682B-C07F-4E20-9D58-D1E4640B3FEE} = {A41620B9-FEFA-4F25-B06D-A6232C5FA6AF}
	EndGlobalSection
	GlobalSection(ExtensibilityGlobals) = postSolution
		SolutionGuid = {CB633C38-45BE-4D3D-BC1C-2BAFB509B455}
	EndGlobalSection
EndGlobal
