
Microsoft Visual Studio Solution File, Format Version 12.00
# Visual Studio Version 17
VisualStudioVersion = 17.9.34622.214
MinimumVisualStudioVersion = 10.0.40219.1
Project("{2150E333-8FDC-42A3-9474-1A3956D46DE8}") = "Solution Items", "Solution Items", "{EFA49093-1EBD-4449-BC72-E0B23101B171}"
	ProjectSection(SolutionItems) = preProject
		ServiceUrls.txt = ServiceUrls.txt
	EndProjectSection
EndProject
Project("{2150E333-8FDC-42A3-9474-1A3956D46DE8}") = "src", "src", "{4AFD1446-87D6-47A7-A35A-D67F7FD53169}"
EndProject
Project("{2150E333-8FDC-42A3-9474-1A3956D46DE8}") = "ApiGateways", "ApiGateways", "{1133FB0A-1903-4F04-AFE4-B138778E4A1C}"
EndProject
Project("{2150E333-8FDC-42A3-9474-1A3956D46DE8}") = "BuildingBlocks", "BuildingBlocks", "{74E008E3-A2A8-4D03-95A9-6B911A2F1BD8}"
EndProject
Project("{2150E333-8FDC-42A3-9474-1A3956D46DE8}") = "Services", "Services", "{375C6869-EDF0-4C84-BC75-A9A45E7277AB}"
EndProject
Project("{2150E333-8FDC-42A3-9474-1A3956D46DE8}") = "Clients", "Clients", "{EFAF1B5B-021B-42EF-B66E-0D96DB9D6118}"
EndProject
Project("{2150E333-8FDC-42A3-9474-1A3956D46DE8}") = "WebApiGateway", "WebApiGateway", "{41E797B6-BC64-423C-A03E-697CC97E601E}"
EndProject
Project("{FAE04EC0-301F-11D3-BF4B-00C04F79EFBC}") = "Web.ApiGateway", "src\ApiGateways\WebApiGateway\Web.ApiGateway\Web.ApiGateway.csproj", "{FCAB2220-3822-413B-B953-A085C2D87F44}"
EndProject
Project("{2150E333-8FDC-42A3-9474-1A3956D46DE8}") = "WebApp", "WebApp", "{3FCD844C-8395-4912-80D6-36F161F6C792}"
EndProject
Project("{2150E333-8FDC-42A3-9474-1A3956D46DE8}") = "BasketService", "BasketService", "{C3E1DFCB-C5D0-447D-B476-3DD5842307E3}"
EndProject
Project("{FAE04EC0-301F-11D3-BF4B-00C04F79EFBC}") = "BasketService.Api", "src\Services\BasketService\BasketService.Api\BasketService.Api.csproj", "{92A181CB-927C-4E18-B63D-62F1AF7385F1}"
EndProject
Project("{2150E333-8FDC-42A3-9474-1A3956D46DE8}") = "CatalogService", "CatalogService", "{1043C09C-E4DE-4BEF-8A5A-B60FAADBAF2B}"
EndProject
Project("{FAE04EC0-301F-11D3-BF4B-00C04F79EFBC}") = "CatalogService.Api", "src\Services\CatalogService\CatalogService.Api\CatalogService.Api.csproj", "{24C71C0C-987B-469D-9513-6D71757D6E7E}"
EndProject
Project("{2150E333-8FDC-42A3-9474-1A3956D46DE8}") = "IdentityService", "IdentityService", "{A40B3A9B-068A-418C-82B1-C6DBE7374BC2}"
EndProject
Project("{FAE04EC0-301F-11D3-BF4B-00C04F79EFBC}") = "IdentityService.Api", "src\Services\IdentityService\IdentityService.Api\IdentityService.Api.csproj", "{8E25B7AF-D181-446F-92EB-7D19F1B4303F}"
EndProject
Project("{2150E333-8FDC-42A3-9474-1A3956D46DE8}") = "NotificationService", "NotificationService", "{4BFFADFB-F690-4D1D-AE39-9FDFB44A6DF8}"
EndProject
Project("{FAE04EC0-301F-11D3-BF4B-00C04F79EFBC}") = "NotificationService.Console", "src\Services\NotificationService\NotificationService.Console\NotificationService.Console.csproj", "{A0CD43C1-47B0-499A-B4BC-6DCF8A71A3DB}"
EndProject
Project("{2150E333-8FDC-42A3-9474-1A3956D46DE8}") = "OrderService", "OrderService", "{53F4D9E2-378B-4CA0-B7FB-9066F59A5680}"
EndProject
Project("{FAE04EC0-301F-11D3-BF4B-00C04F79EFBC}") = "OrderService.Domain", "src\Services\OrderService\OrderService.Domain\OrderService.Domain.csproj", "{F0F4AD8D-7905-4561-A8B5-95FA1FC06162}"
EndProject
Project("{FAE04EC0-301F-11D3-BF4B-00C04F79EFBC}") = "OrderService.Application", "src\Services\OrderService\OrderService.Application\OrderService.Application.csproj", "{CC3F5093-D845-44F4-9EEE-A456DBBC4ABD}"
EndProject
Project("{FAE04EC0-301F-11D3-BF4B-00C04F79EFBC}") = "OrderService.Infrastruture", "src\Services\OrderService\OrderService.Infrastruture\OrderService.Infrastruture.csproj", "{6A3BE716-E87E-433A-895A-D6E1EA77C94A}"
EndProject
Project("{FAE04EC0-301F-11D3-BF4B-00C04F79EFBC}") = "OrderService.Api", "src\Services\OrderService\OrderService.Api\OrderService.Api.csproj", "{60F73286-9567-4CBF-BE47-B6E10FCF07C1}"
EndProject
Project("{2150E333-8FDC-42A3-9474-1A3956D46DE8}") = "PaymentService", "PaymentService", "{080BBEAD-F828-4876-90B1-958A9B4CF053}"
EndProject
Project("{FAE04EC0-301F-11D3-BF4B-00C04F79EFBC}") = "PaymentService.Api", "src\Services\PaymentService\PaymentService.Api\PaymentService.Api.csproj", "{806ED395-D1FF-40C7-8FDE-EBF1F6CA297D}"
EndProject
Project("{2150E333-8FDC-42A3-9474-1A3956D46DE8}") = "Shared", "Shared", "{A41620B9-FEFA-4F25-B06D-A6232C5FA6AF}"
EndProject
Project("{FAE04EC0-301F-11D3-BF4B-00C04F79EFBC}") = "SelenyumMicroService.Shared", "src\Shared\SelenyumMicroService.Shared\SelenyumMicroService.Shared.csproj", "{1C5A4D92-A44D-4997-9062-120569C11637}"
EndProject
Project("{FAE04EC0-301F-11D3-BF4B-00C04F79EFBC}") = "CatalogService.Data.Abstractions", "src\Services\CatalogService\CatalogService.Data.Abstractions\CatalogService.Data.Abstractions.csproj", "{3EFC21D1-12C4-42D9-ACFF-A30B3ABBBC8D}"
EndProject
Project("{FAE04EC0-301F-11D3-BF4B-00C04F79EFBC}") = "CatalogService.Data.EFCore", "src\Services\CatalogService\CatalogService.Data.EFCore\CatalogService.Data.EFCore.csproj", "{900190C8-3A01-4AE4-B0C9-746C882F0359}"
EndProject
Global
	GlobalSection(SolutionConfigurationPlatforms) = preSolution
		Debug|Any CPU = Debug|Any CPU
		Release|Any CPU = Release|Any CPU
	EndGlobalSection
	GlobalSection(ProjectConfigurationPlatforms) = postSolution
		{FCAB2220-3822-413B-B953-A085C2D87F44}.Debug|Any CPU.ActiveCfg = Debug|Any CPU
		{FCAB2220-3822-413B-B953-A085C2D87F44}.Debug|Any CPU.Build.0 = Debug|Any CPU
		{FCAB2220-3822-413B-B953-A085C2D87F44}.Release|Any CPU.ActiveCfg = Release|Any CPU
		{FCAB2220-3822-413B-B953-A085C2D87F44}.Release|Any CPU.Build.0 = Release|Any CPU
		{92A181CB-927C-4E18-B63D-62F1AF7385F1}.Debug|Any CPU.ActiveCfg = Debug|Any CPU
		{92A181CB-927C-4E18-B63D-62F1AF7385F1}.Debug|Any CPU.Build.0 = Debug|Any CPU
		{92A181CB-927C-4E18-B63D-62F1AF7385F1}.Release|Any CPU.ActiveCfg = Release|Any CPU
		{92A181CB-927C-4E18-B63D-62F1AF7385F1}.Release|Any CPU.Build.0 = Release|Any CPU
		{24C71C0C-987B-469D-9513-6D71757D6E7E}.Debug|Any CPU.ActiveCfg = Debug|Any CPU
		{24C71C0C-987B-469D-9513-6D71757D6E7E}.Debug|Any CPU.Build.0 = Debug|Any CPU
		{24C71C0C-987B-469D-9513-6D71757D6E7E}.Release|Any CPU.ActiveCfg = Release|Any CPU
		{24C71C0C-987B-469D-9513-6D71757D6E7E}.Release|Any CPU.Build.0 = Release|Any CPU
		{8E25B7AF-D181-446F-92EB-7D19F1B4303F}.Debug|Any CPU.ActiveCfg = Debug|Any CPU
		{8E25B7AF-D181-446F-92EB-7D19F1B4303F}.Debug|Any CPU.Build.0 = Debug|Any CPU
		{8E25B7AF-D181-446F-92EB-7D19F1B4303F}.Release|Any CPU.ActiveCfg = Release|Any CPU
		{8E25B7AF-D181-446F-92EB-7D19F1B4303F}.Release|Any CPU.Build.0 = Release|Any CPU
		{A0CD43C1-47B0-499A-B4BC-6DCF8A71A3DB}.Debug|Any CPU.ActiveCfg = Debug|Any CPU
		{A0CD43C1-47B0-499A-B4BC-6DCF8A71A3DB}.Debug|Any CPU.Build.0 = Debug|Any CPU
		{A0CD43C1-47B0-499A-B4BC-6DCF8A71A3DB}.Release|Any CPU.ActiveCfg = Release|Any CPU
		{A0CD43C1-47B0-499A-B4BC-6DCF8A71A3DB}.Release|Any CPU.Build.0 = Release|Any CPU
		{F0F4AD8D-7905-4561-A8B5-95FA1FC06162}.Debug|Any CPU.ActiveCfg = Debug|Any CPU
		{F0F4AD8D-7905-4561-A8B5-95FA1FC06162}.Debug|Any CPU.Build.0 = Debug|Any CPU
		{F0F4AD8D-7905-4561-A8B5-95FA1FC06162}.Release|Any CPU.ActiveCfg = Release|Any CPU
		{F0F4AD8D-7905-4561-A8B5-95FA1FC06162}.Release|Any CPU.Build.0 = Release|Any CPU
		{CC3F5093-D845-44F4-9EEE-A456DBBC4ABD}.Debug|Any CPU.ActiveCfg = Debug|Any CPU
		{CC3F5093-D845-44F4-9EEE-A456DBBC4ABD}.Debug|Any CPU.Build.0 = Debug|Any CPU
		{CC3F5093-D845-44F4-9EEE-A456DBBC4ABD}.Release|Any CPU.ActiveCfg = Release|Any CPU
		{CC3F5093-D845-44F4-9EEE-A456DBBC4ABD}.Release|Any CPU.Build.0 = Release|Any CPU
		{6A3BE716-E87E-433A-895A-D6E1EA77C94A}.Debug|Any CPU.ActiveCfg = Debug|Any CPU
		{6A3BE716-E87E-433A-895A-D6E1EA77C94A}.Debug|Any CPU.Build.0 = Debug|Any CPU
		{6A3BE716-E87E-433A-895A-D6E1EA77C94A}.Release|Any CPU.ActiveCfg = Release|Any CPU
		{6A3BE716-E87E-433A-895A-D6E1EA77C94A}.Release|Any CPU.Build.0 = Release|Any CPU
		{60F73286-9567-4CBF-BE47-B6E10FCF07C1}.Debug|Any CPU.ActiveCfg = Debug|Any CPU
		{60F73286-9567-4CBF-BE47-B6E10FCF07C1}.Debug|Any CPU.Build.0 = Debug|Any CPU
		{60F73286-9567-4CBF-BE47-B6E10FCF07C1}.Release|Any CPU.ActiveCfg = Release|Any CPU
		{60F73286-9567-4CBF-BE47-B6E10FCF07C1}.Release|Any CPU.Build.0 = Release|Any CPU
		{806ED395-D1FF-40C7-8FDE-EBF1F6CA297D}.Debug|Any CPU.ActiveCfg = Debug|Any CPU
		{806ED395-D1FF-40C7-8FDE-EBF1F6CA297D}.Debug|Any CPU.Build.0 = Debug|Any CPU
		{806ED395-D1FF-40C7-8FDE-EBF1F6CA297D}.Release|Any CPU.ActiveCfg = Release|Any CPU
		{806ED395-D1FF-40C7-8FDE-EBF1F6CA297D}.Release|Any CPU.Build.0 = Release|Any CPU
		{1C5A4D92-A44D-4997-9062-120569C11637}.Debug|Any CPU.ActiveCfg = Debug|Any CPU
		{1C5A4D92-A44D-4997-9062-120569C11637}.Debug|Any CPU.Build.0 = Debug|Any CPU
		{1C5A4D92-A44D-4997-9062-120569C11637}.Release|Any CPU.ActiveCfg = Release|Any CPU
		{1C5A4D92-A44D-4997-9062-120569C11637}.Release|Any CPU.Build.0 = Release|Any CPU
		{3EFC21D1-12C4-42D9-ACFF-A30B3ABBBC8D}.Debug|Any CPU.ActiveCfg = Debug|Any CPU
		{3EFC21D1-12C4-42D9-ACFF-A30B3ABBBC8D}.Debug|Any CPU.Build.0 = Debug|Any CPU
		{3EFC21D1-12C4-42D9-ACFF-A30B3ABBBC8D}.Release|Any CPU.ActiveCfg = Release|Any CPU
		{3EFC21D1-12C4-42D9-ACFF-A30B3ABBBC8D}.Release|Any CPU.Build.0 = Release|Any CPU
		{900190C8-3A01-4AE4-B0C9-746C882F0359}.Debug|Any CPU.ActiveCfg = Debug|Any CPU
		{900190C8-3A01-4AE4-B0C9-746C882F0359}.Debug|Any CPU.Build.0 = Debug|Any CPU
		{900190C8-3A01-4AE4-B0C9-746C882F0359}.Release|Any CPU.ActiveCfg = Release|Any CPU
		{900190C8-3A01-4AE4-B0C9-746C882F0359}.Release|Any CPU.Build.0 = Release|Any CPU
	EndGlobalSection
	GlobalSection(SolutionProperties) = preSolution
		HideSolutionNode = FALSE
	EndGlobalSection
	GlobalSection(NestedProjects) = preSolution
		{1133FB0A-1903-4F04-AFE4-B138778E4A1C} = {4AFD1446-87D6-47A7-A35A-D67F7FD53169}
		{74E008E3-A2A8-4D03-95A9-6B911A2F1BD8} = {4AFD1446-87D6-47A7-A35A-D67F7FD53169}
		{375C6869-EDF0-4C84-BC75-A9A45E7277AB} = {4AFD1446-87D6-47A7-A35A-D67F7FD53169}
		{EFAF1B5B-021B-42EF-B66E-0D96DB9D6118} = {4AFD1446-87D6-47A7-A35A-D67F7FD53169}
		{41E797B6-BC64-423C-A03E-697CC97E601E} = {1133FB0A-1903-4F04-AFE4-B138778E4A1C}
		{FCAB2220-3822-413B-B953-A085C2D87F44} = {41E797B6-BC64-423C-A03E-697CC97E601E}
		{3FCD844C-8395-4912-80D6-36F161F6C792} = {EFAF1B5B-021B-42EF-B66E-0D96DB9D6118}
		{C3E1DFCB-C5D0-447D-B476-3DD5842307E3} = {375C6869-EDF0-4C84-BC75-A9A45E7277AB}
		{92A181CB-927C-4E18-B63D-62F1AF7385F1} = {C3E1DFCB-C5D0-447D-B476-3DD5842307E3}
		{1043C09C-E4DE-4BEF-8A5A-B60FAADBAF2B} = {375C6869-EDF0-4C84-BC75-A9A45E7277AB}
		{24C71C0C-987B-469D-9513-6D71757D6E7E} = {1043C09C-E4DE-4BEF-8A5A-B60FAADBAF2B}
		{A40B3A9B-068A-418C-82B1-C6DBE7374BC2} = {375C6869-EDF0-4C84-BC75-A9A45E7277AB}
		{8E25B7AF-D181-446F-92EB-7D19F1B4303F} = {A40B3A9B-068A-418C-82B1-C6DBE7374BC2}
		{4BFFADFB-F690-4D1D-AE39-9FDFB44A6DF8} = {375C6869-EDF0-4C84-BC75-A9A45E7277AB}
		{A0CD43C1-47B0-499A-B4BC-6DCF8A71A3DB} = {4BFFADFB-F690-4D1D-AE39-9FDFB44A6DF8}
		{53F4D9E2-378B-4CA0-B7FB-9066F59A5680} = {375C6869-EDF0-4C84-BC75-A9A45E7277AB}
		{F0F4AD8D-7905-4561-A8B5-95FA1FC06162} = {53F4D9E2-378B-4CA0-B7FB-9066F59A5680}
		{CC3F5093-D845-44F4-9EEE-A456DBBC4ABD} = {53F4D9E2-378B-4CA0-B7FB-9066F59A5680}
		{6A3BE716-E87E-433A-895A-D6E1EA77C94A} = {53F4D9E2-378B-4CA0-B7FB-9066F59A5680}
		{60F73286-9567-4CBF-BE47-B6E10FCF07C1} = {53F4D9E2-378B-4CA0-B7FB-9066F59A5680}
		{080BBEAD-F828-4876-90B1-958A9B4CF053} = {375C6869-EDF0-4C84-BC75-A9A45E7277AB}
		{806ED395-D1FF-40C7-8FDE-EBF1F6CA297D} = {080BBEAD-F828-4876-90B1-958A9B4CF053}
		{A41620B9-FEFA-4F25-B06D-A6232C5FA6AF} = {4AFD1446-87D6-47A7-A35A-D67F7FD53169}
		{1C5A4D92-A44D-4997-9062-120569C11637} = {A41620B9-FEFA-4F25-B06D-A6232C5FA6AF}
		{3EFC21D1-12C4-42D9-ACFF-A30B3ABBBC8D} = {1043C09C-E4DE-4BEF-8A5A-B60FAADBAF2B}
		{900190C8-3A01-4AE4-B0C9-746C882F0359} = {1043C09C-E4DE-4BEF-8A5A-B60FAADBAF2B}
	EndGlobalSection
	GlobalSection(ExtensibilityGlobals) = postSolution
		SolutionGuid = {CB633C38-45BE-4D3D-BC1C-2BAFB509B455}
	EndGlobalSection
EndGlobal
